// !$*UTF8*$!
{
	archiveVersion = 1;
	classes = {
	};
	objectVersion = 56;
	objects = {

/* Begin PBXBuildFile section */
		CB41F4162B1E099800E41876 /* AppDelegate.swift in Sources */ = {isa = PBXBuildFile; fileRef = CB41F4152B1E099800E41876 /* AppDelegate.swift */; };
		CB41F4182B1E099800E41876 /* SceneDelegate.swift in Sources */ = {isa = PBXBuildFile; fileRef = CB41F4172B1E099800E41876 /* SceneDelegate.swift */; };
		CB41F41D2B1E099800E41876 /* Main.storyboard in Resources */ = {isa = PBXBuildFile; fileRef = CB41F41B2B1E099800E41876 /* Main.storyboard */; };
		CB41F41F2B1E099B00E41876 /* Assets.xcassets in Resources */ = {isa = PBXBuildFile; fileRef = CB41F41E2B1E099B00E41876 /* Assets.xcassets */; };
		CB41F4222B1E099B00E41876 /* LaunchScreen.storyboard in Resources */ = {isa = PBXBuildFile; fileRef = CB41F4202B1E099B00E41876 /* LaunchScreen.storyboard */; };
		CB70CB642B1E1058005946BD /* SegmentImage.storyboard in Resources */ = {isa = PBXBuildFile; fileRef = CB70CB632B1E1058005946BD /* SegmentImage.storyboard */; };
		CB70CB662B1E1062005946BD /* SegmentImageViewController.swift in Sources */ = {isa = PBXBuildFile; fileRef = CB70CB652B1E1062005946BD /* SegmentImageViewController.swift */; };
		CB70CB682B1E15BF005946BD /* SegmentImageViewModel.swift in Sources */ = {isa = PBXBuildFile; fileRef = CB70CB672B1E15BF005946BD /* SegmentImageViewModel.swift */; };
		CB70CB6B2B1E47DD005946BD /* CGImage+render.swift in Sources */ = {isa = PBXBuildFile; fileRef = CB70CB6A2B1E47DD005946BD /* CGImage+render.swift */; };
/* End PBXBuildFile section */

/* Begin PBXFileReference section */
		CB41F4122B1E099800E41876 /* ImageSegmentationSampleIOS.app */ = {isa = PBXFileReference; explicitFileType = wrapper.application; includeInIndex = 0; path = ImageSegmentationSampleIOS.app; sourceTree = BUILT_PRODUCTS_DIR; };
		CB41F4152B1E099800E41876 /* AppDelegate.swift */ = {isa = PBXFileReference; lastKnownFileType = sourcecode.swift; path = AppDelegate.swift; sourceTree = "<group>"; };
		CB41F4172B1E099800E41876 /* SceneDelegate.swift */ = {isa = PBXFileReference; lastKnownFileType = sourcecode.swift; path = SceneDelegate.swift; sourceTree = "<group>"; };
		CB41F41C2B1E099800E41876 /* Base */ = {isa = PBXFileReference; lastKnownFileType = file.storyboard; name = Base; path = Base.lproj/Main.storyboard; sourceTree = "<group>"; };
		CB41F41E2B1E099B00E41876 /* Assets.xcassets */ = {isa = PBXFileReference; lastKnownFileType = folder.assetcatalog; path = Assets.xcassets; sourceTree = "<group>"; };
		CB41F4212B1E099B00E41876 /* Base */ = {isa = PBXFileReference; lastKnownFileType = file.storyboard; name = Base; path = Base.lproj/LaunchScreen.storyboard; sourceTree = "<group>"; };
		CB41F4232B1E099B00E41876 /* Info.plist */ = {isa = PBXFileReference; lastKnownFileType = text.plist.xml; path = Info.plist; sourceTree = "<group>"; };
		CB70CB632B1E1058005946BD /* SegmentImage.storyboard */ = {isa = PBXFileReference; lastKnownFileType = file.storyboard; path = SegmentImage.storyboard; sourceTree = "<group>"; };
		CB70CB652B1E1062005946BD /* SegmentImageViewController.swift */ = {isa = PBXFileReference; lastKnownFileType = sourcecode.swift; path = SegmentImageViewController.swift; sourceTree = "<group>"; };
		CB70CB672B1E15BF005946BD /* SegmentImageViewModel.swift */ = {isa = PBXFileReference; lastKnownFileType = sourcecode.swift; path = SegmentImageViewModel.swift; sourceTree = "<group>"; };
		CB70CB6A2B1E47DD005946BD /* CGImage+render.swift */ = {isa = PBXFileReference; lastKnownFileType = sourcecode.swift; path = "CGImage+render.swift"; sourceTree = "<group>"; };
/* End PBXFileReference section */

/* Begin PBXFrameworksBuildPhase section */
		CB41F40F2B1E099800E41876 /* Frameworks */ = {
			isa = PBXFrameworksBuildPhase;
			buildActionMask = 2147483647;
			files = (
			);
			runOnlyForDeploymentPostprocessing = 0;
		};
/* End PBXFrameworksBuildPhase section */

/* Begin PBXGroup section */
		CB41F4092B1E099800E41876 = {
			isa = PBXGroup;
			children = (
				CB41F4142B1E099800E41876 /* ImageSegmentationSampleIOS */,
				CB41F4132B1E099800E41876 /* Products */,
			);
			sourceTree = "<group>";
		};
		CB41F4132B1E099800E41876 /* Products */ = {
			isa = PBXGroup;
			children = (
				CB41F4122B1E099800E41876 /* ImageSegmentationSampleIOS.app */,
			);
			name = Products;
			sourceTree = "<group>";
		};
		CB41F4142B1E099800E41876 /* ImageSegmentationSampleIOS */ = {
			isa = PBXGroup;
			children = (
				CB70CB602B1E0F99005946BD /* Stories */,
				CB70CB692B1E47C9005946BD /* Helpers */,
				CB70CB622B1E0FC8005946BD /* Resources */,
			);
			path = ImageSegmentationSampleIOS;
			sourceTree = "<group>";
		};
		CB70CB602B1E0F99005946BD /* Stories */ = {
			isa = PBXGroup;
			children = (
				CB41F41B2B1E099800E41876 /* Main.storyboard */,
				CB70CB612B1E0FAA005946BD /* SegmentImage */,
			);
			path = Stories;
			sourceTree = "<group>";
		};
		CB70CB612B1E0FAA005946BD /* SegmentImage */ = {
			isa = PBXGroup;
			children = (
				CB70CB632B1E1058005946BD /* SegmentImage.storyboard */,
				CB70CB652B1E1062005946BD /* SegmentImageViewController.swift */,
				CB70CB672B1E15BF005946BD /* SegmentImageViewModel.swift */,
			);
			path = SegmentImage;
			sourceTree = "<group>";
		};
		CB70CB622B1E0FC8005946BD /* Resources */ = {
			isa = PBXGroup;
			children = (
				CB41F4152B1E099800E41876 /* AppDelegate.swift */,
				CB41F4172B1E099800E41876 /* SceneDelegate.swift */,
				CB41F41E2B1E099B00E41876 /* Assets.xcassets */,
				CB41F4202B1E099B00E41876 /* LaunchScreen.storyboard */,
				CB41F4232B1E099B00E41876 /* Info.plist */,
			);
			path = Resources;
			sourceTree = "<group>";
		};
		CB70CB692B1E47C9005946BD /* Helpers */ = {
			isa = PBXGroup;
			children = (
				CB70CB6A2B1E47DD005946BD /* CGImage+render.swift */,
			);
			path = Helpers;
			sourceTree = "<group>";
		};
/* End PBXGroup section */

/* Begin PBXNativeTarget section */
		CB41F4112B1E099800E41876 /* ImageSegmentationSampleIOS */ = {
			isa = PBXNativeTarget;
			buildConfigurationList = CB41F4262B1E099B00E41876 /* Build configuration list for PBXNativeTarget "ImageSegmentationSampleIOS" */;
			buildPhases = (
				CB41F40E2B1E099800E41876 /* Sources */,
				CB41F40F2B1E099800E41876 /* Frameworks */,
				CB41F4102B1E099800E41876 /* Resources */,
			);
			buildRules = (
			);
			dependencies = (
			);
			name = ImageSegmentationSampleIOS;
			productName = ImageSegmentationSampleIOS;
			productReference = CB41F4122B1E099800E41876 /* ImageSegmentationSampleIOS.app */;
			productType = "com.apple.product-type.application";
		};
/* End PBXNativeTarget section */

/* Begin PBXProject section */
		CB41F40A2B1E099800E41876 /* Project object */ = {
			isa = PBXProject;
			attributes = {
				BuildIndependentTargetsInParallel = 1;
				LastSwiftUpdateCheck = 1500;
				LastUpgradeCheck = 1500;
				TargetAttributes = {
					CB41F4112B1E099800E41876 = {
						CreatedOnToolsVersion = 15.0.1;
					};
				};
			};
			buildConfigurationList = CB41F40D2B1E099800E41876 /* Build configuration list for PBXProject "ImageSegmentationSampleIOS" */;
			compatibilityVersion = "Xcode 14.0";
			developmentRegion = en;
			hasScannedForEncodings = 0;
			knownRegions = (
				en,
				Base,
			);
			mainGroup = CB41F4092B1E099800E41876;
			productRefGroup = CB41F4132B1E099800E41876 /* Products */;
			projectDirPath = "";
			projectRoot = "";
			targets = (
				CB41F4112B1E099800E41876 /* ImageSegmentationSampleIOS */,
			);
		};
/* End PBXProject section */

/* Begin PBXResourcesBuildPhase section */
		CB41F4102B1E099800E41876 /* Resources */ = {
			isa = PBXResourcesBuildPhase;
			buildActionMask = 2147483647;
			files = (
				CB70CB642B1E1058005946BD /* SegmentImage.storyboard in Resources */,
				CB41F4222B1E099B00E41876 /* LaunchScreen.storyboard in Resources */,
				CB41F41F2B1E099B00E41876 /* Assets.xcassets in Resources */,
				CB41F41D2B1E099800E41876 /* Main.storyboard in Resources */,
			);
			runOnlyForDeploymentPostprocessing = 0;
		};
/* End PBXResourcesBuildPhase section */

/* Begin PBXSourcesBuildPhase section */
		CB41F40E2B1E099800E41876 /* Sources */ = {
			isa = PBXSourcesBuildPhase;
			buildActionMask = 2147483647;
			files = (
				CB70CB682B1E15BF005946BD /* SegmentImageViewModel.swift in Sources */,
				CB70CB6B2B1E47DD005946BD /* CGImage+render.swift in Sources */,
				CB70CB662B1E1062005946BD /* SegmentImageViewController.swift in Sources */,
				CB41F4162B1E099800E41876 /* AppDelegate.swift in Sources */,
				CB41F4182B1E099800E41876 /* SceneDelegate.swift in Sources */,
			);
			runOnlyForDeploymentPostprocessing = 0;
		};
/* End PBXSourcesBuildPhase section */

/* Begin PBXVariantGroup section */
		CB41F41B2B1E099800E41876 /* Main.storyboard */ = {
			isa = PBXVariantGroup;
			children = (
				CB41F41C2B1E099800E41876 /* Base */,
			);
			name = Main.storyboard;
			sourceTree = "<group>";
		};
		CB41F4202B1E099B00E41876 /* LaunchScreen.storyboard */ = {
			isa = PBXVariantGroup;
			children = (
				CB41F4212B1E099B00E41876 /* Base */,
			);
			name = LaunchScreen.storyboard;
			sourceTree = "<group>";
		};
/* End PBXVariantGroup section */

/* Begin XCBuildConfiguration section */
		CB41F4242B1E099B00E41876 /* Debug */ = {
			isa = XCBuildConfiguration;
			buildSettings = {
				ALWAYS_SEARCH_USER_PATHS = NO;
				ASSETCATALOG_COMPILER_GENERATE_SWIFT_ASSET_SYMBOL_EXTENSIONS = YES;
				CLANG_ANALYZER_NONNULL = YES;
				CLANG_ANALYZER_NUMBER_OBJECT_CONVERSION = YES_AGGRESSIVE;
				CLANG_CXX_LANGUAGE_STANDARD = "gnu++20";
				CLANG_ENABLE_MODULES = YES;
				CLANG_ENABLE_OBJC_ARC = YES;
				CLANG_ENABLE_OBJC_WEAK = YES;
				CLANG_WARN_BLOCK_CAPTURE_AUTORELEASING = YES;
				CLANG_WARN_BOOL_CONVERSION = YES;
				CLANG_WARN_COMMA = YES;
				CLANG_WARN_CONSTANT_CONVERSION = YES;
				CLANG_WARN_DEPRECATED_OBJC_IMPLEMENTATIONS = YES;
				CLANG_WARN_DIRECT_OBJC_ISA_USAGE = YES_ERROR;
				CLANG_WARN_DOCUMENTATION_COMMENTS = YES;
				CLANG_WARN_EMPTY_BODY = YES;
				CLANG_WARN_ENUM_CONVERSION = YES;
				CLANG_WARN_INFINITE_RECURSION = YES;
				CLANG_WARN_INT_CONVERSION = YES;
				CLANG_WARN_NON_LITERAL_NULL_CONVERSION = YES;
				CLANG_WARN_OBJC_IMPLICIT_RETAIN_SELF = YES;
				CLANG_WARN_OBJC_LITERAL_CONVERSION = YES;
				CLANG_WARN_OBJC_ROOT_CLASS = YES_ERROR;
				CLANG_WARN_QUOTED_INCLUDE_IN_FRAMEWORK_HEADER = YES;
				CLANG_WARN_RANGE_LOOP_ANALYSIS = YES;
				CLANG_WARN_STRICT_PROTOTYPES = YES;
				CLANG_WARN_SUSPICIOUS_MOVE = YES;
				CLANG_WARN_UNGUARDED_AVAILABILITY = YES_AGGRESSIVE;
				CLANG_WARN_UNREACHABLE_CODE = YES;
				CLANG_WARN__DUPLICATE_METHOD_MATCH = YES;
				COPY_PHASE_STRIP = NO;
				DEBUG_INFORMATION_FORMAT = dwarf;
				ENABLE_STRICT_OBJC_MSGSEND = YES;
				ENABLE_TESTABILITY = YES;
				ENABLE_USER_SCRIPT_SANDBOXING = YES;
				GCC_C_LANGUAGE_STANDARD = gnu17;
				GCC_DYNAMIC_NO_PIC = NO;
				GCC_NO_COMMON_BLOCKS = YES;
				GCC_OPTIMIZATION_LEVEL = 0;
				GCC_PREPROCESSOR_DEFINITIONS = (
					"DEBUG=1",
					"$(inherited)",
				);
				GCC_WARN_64_TO_32_BIT_CONVERSION = YES;
				GCC_WARN_ABOUT_RETURN_TYPE = YES_ERROR;
				GCC_WARN_UNDECLARED_SELECTOR = YES;
				GCC_WARN_UNINITIALIZED_AUTOS = YES_AGGRESSIVE;
				GCC_WARN_UNUSED_FUNCTION = YES;
				GCC_WARN_UNUSED_VARIABLE = YES;
				IPHONEOS_DEPLOYMENT_TARGET = 17.0;
				LOCALIZATION_PREFERS_STRING_CATALOGS = YES;
				MTL_ENABLE_DEBUG_INFO = INCLUDE_SOURCE;
				MTL_FAST_MATH = YES;
				ONLY_ACTIVE_ARCH = YES;
				SDKROOT = iphoneos;
				SWIFT_ACTIVE_COMPILATION_CONDITIONS = "DEBUG $(inherited)";
				SWIFT_OPTIMIZATION_LEVEL = "-Onone";
			};
			name = Debug;
		};
		CB41F4252B1E099B00E41876 /* Release */ = {
			isa = XCBuildConfiguration;
			buildSettings = {
				ALWAYS_SEARCH_USER_PATHS = NO;
				ASSETCATALOG_COMPILER_GENERATE_SWIFT_ASSET_SYMBOL_EXTENSIONS = YES;
				CLANG_ANALYZER_NONNULL = YES;
				CLANG_ANALYZER_NUMBER_OBJECT_CONVERSION = YES_AGGRESSIVE;
				CLANG_CXX_LANGUAGE_STANDARD = "gnu++20";
				CLANG_ENABLE_MODULES = YES;
				CLANG_ENABLE_OBJC_ARC = YES;
				CLANG_ENABLE_OBJC_WEAK = YES;
				CLANG_WARN_BLOCK_CAPTURE_AUTORELEASING = YES;
				CLANG_WARN_BOOL_CONVERSION = YES;
				CLANG_WARN_COMMA = YES;
				CLANG_WARN_CONSTANT_CONVERSION = YES;
				CLANG_WARN_DEPRECATED_OBJC_IMPLEMENTATIONS = YES;
				CLANG_WARN_DIRECT_OBJC_ISA_USAGE = YES_ERROR;
				CLANG_WARN_DOCUMENTATION_COMMENTS = YES;
				CLANG_WARN_EMPTY_BODY = YES;
				CLANG_WARN_ENUM_CONVERSION = YES;
				CLANG_WARN_INFINITE_RECURSION = YES;
				CLANG_WARN_INT_CONVERSION = YES;
				CLANG_WARN_NON_LITERAL_NULL_CONVERSION = YES;
				CLANG_WARN_OBJC_IMPLICIT_RETAIN_SELF = YES;
				CLANG_WARN_OBJC_LITERAL_CONVERSION = YES;
				CLANG_WARN_OBJC_ROOT_CLASS = YES_ERROR;
				CLANG_WARN_QUOTED_INCLUDE_IN_FRAMEWORK_HEADER = YES;
				CLANG_WARN_RANGE_LOOP_ANALYSIS = YES;
				CLANG_WARN_STRICT_PROTOTYPES = YES;
				CLANG_WARN_SUSPICIOUS_MOVE = YES;
				CLANG_WARN_UNGUARDED_AVAILABILITY = YES_AGGRESSIVE;
				CLANG_WARN_UNREACHABLE_CODE = YES;
				CLANG_WARN__DUPLICATE_METHOD_MATCH = YES;
				COPY_PHASE_STRIP = NO;
				DEBUG_INFORMATION_FORMAT = "dwarf-with-dsym";
				ENABLE_NS_ASSERTIONS = NO;
				ENABLE_STRICT_OBJC_MSGSEND = YES;
				ENABLE_USER_SCRIPT_SANDBOXING = YES;
				GCC_C_LANGUAGE_STANDARD = gnu17;
				GCC_NO_COMMON_BLOCKS = YES;
				GCC_WARN_64_TO_32_BIT_CONVERSION = YES;
				GCC_WARN_ABOUT_RETURN_TYPE = YES_ERROR;
				GCC_WARN_UNDECLARED_SELECTOR = YES;
				GCC_WARN_UNINITIALIZED_AUTOS = YES_AGGRESSIVE;
				GCC_WARN_UNUSED_FUNCTION = YES;
				GCC_WARN_UNUSED_VARIABLE = YES;
				IPHONEOS_DEPLOYMENT_TARGET = 17.0;
				LOCALIZATION_PREFERS_STRING_CATALOGS = YES;
				MTL_ENABLE_DEBUG_INFO = NO;
				MTL_FAST_MATH = YES;
				SDKROOT = iphoneos;
				SWIFT_COMPILATION_MODE = wholemodule;
				VALIDATE_PRODUCT = YES;
			};
			name = Release;
		};
		CB41F4272B1E099B00E41876 /* Debug */ = {
			isa = XCBuildConfiguration;
			buildSettings = {
				ASSETCATALOG_COMPILER_APPICON_NAME = AppIcon;
				ASSETCATALOG_COMPILER_GLOBAL_ACCENT_COLOR_NAME = AccentColor;
				CODE_SIGN_STYLE = Automatic;
				CURRENT_PROJECT_VERSION = 1;
				DEVELOPMENT_TEAM = NWU3UR5FK7;
				GENERATE_INFOPLIST_FILE = YES;
				INFOPLIST_FILE = ImageSegmentationSampleIOS/Resources/Info.plist;
				INFOPLIST_KEY_UIApplicationSupportsIndirectInputEvents = YES;
				INFOPLIST_KEY_UILaunchStoryboardName = LaunchScreen;
				INFOPLIST_KEY_UIMainStoryboardFile = Main;
				INFOPLIST_KEY_UISupportedInterfaceOrientations = UIInterfaceOrientationPortrait;
				INFOPLIST_KEY_UISupportedInterfaceOrientations_iPad = "UIInterfaceOrientationLandscapeLeft UIInterfaceOrientationLandscapeRight UIInterfaceOrientationPortrait UIInterfaceOrientationPortraitUpsideDown";
				LD_RUNPATH_SEARCH_PATHS = (
					"$(inherited)",
					"@executable_path/Frameworks",
				);
				MARKETING_VERSION = 1.0;
				PRODUCT_BUNDLE_IDENTIFIER = "yakubets-v.ImageSegmentationSampleIOS";
				PRODUCT_NAME = "$(TARGET_NAME)";
				SUPPORTED_PLATFORMS = "iphoneos iphonesimulator";
				SUPPORTS_MACCATALYST = NO;
				SUPPORTS_MAC_DESIGNED_FOR_IPHONE_IPAD = NO;
				SWIFT_EMIT_LOC_STRINGS = YES;
				SWIFT_VERSION = 5.0;
				TARGETED_DEVICE_FAMILY = 1;
			};
			name = Debug;
		};
		CB41F4282B1E099B00E41876 /* Release */ = {
			isa = XCBuildConfiguration;
			buildSettings = {
				ASSETCATALOG_COMPILER_APPICON_NAME = AppIcon;
				ASSETCATALOG_COMPILER_GLOBAL_ACCENT_COLOR_NAME = AccentColor;
				CODE_SIGN_STYLE = Automatic;
				CURRENT_PROJECT_VERSION = 1;
				DEVELOPMENT_TEAM = NWU3UR5FK7;
				GENERATE_INFOPLIST_FILE = YES;
				INFOPLIST_FILE = ImageSegmentationSampleIOS/Resources/Info.plist;
				INFOPLIST_KEY_UIApplicationSupportsIndirectInputEvents = YES;
				INFOPLIST_KEY_UILaunchStoryboardName = LaunchScreen;
				INFOPLIST_KEY_UIMainStoryboardFile = Main;
				INFOPLIST_KEY_UISupportedInterfaceOrientations = UIInterfaceOrientationPortrait;
				INFOPLIST_KEY_UISupportedInterfaceOrientations_iPad = "UIInterfaceOrientationLandscapeLeft UIInterfaceOrientationLandscapeRight UIInterfaceOrientationPortrait UIInterfaceOrientationPortraitUpsideDown";
				LD_RUNPATH_SEARCH_PATHS = (
					"$(inherited)",
					"@executable_path/Frameworks",
				);
				MARKETING_VERSION = 1.0;
				PRODUCT_BUNDLE_IDENTIFIER = "yakubets-v.ImageSegmentationSampleIOS";
				PRODUCT_NAME = "$(TARGET_NAME)";
				SUPPORTED_PLATFORMS = "iphoneos iphonesimulator";
				SUPPORTS_MACCATALYST = NO;
				SUPPORTS_MAC_DESIGNED_FOR_IPHONE_IPAD = NO;
				SWIFT_EMIT_LOC_STRINGS = YES;
				SWIFT_VERSION = 5.0;
				TARGETED_DEVICE_FAMILY = 1;
			};
			name = Release;
		};
/* End XCBuildConfiguration section */

/* Begin XCConfigurationList section */
		CB41F40D2B1E099800E41876 /* Build configuration list for PBXProject "ImageSegmentationSampleIOS" */ = {
			isa = XCConfigurationList;
			buildConfigurations = (
				CB41F4242B1E099B00E41876 /* Debug */,
				CB41F4252B1E099B00E41876 /* Release */,
			);
			defaultConfigurationIsVisible = 0;
			defaultConfigurationName = Release;
		};
		CB41F4262B1E099B00E41876 /* Build configuration list for PBXNativeTarget "ImageSegmentationSampleIOS" */ = {
			isa = XCConfigurationList;
			buildConfigurations = (
				CB41F4272B1E099B00E41876 /* Debug */,
				CB41F4282B1E099B00E41876 /* Release */,
			);
			defaultConfigurationIsVisible = 0;
			defaultConfigurationName = Release;
		};
/* End XCConfigurationList section */
	};
	rootObject = CB41F40A2B1E099800E41876 /* Project object */;
}
